
Microsoft Visual Studio Solution File, Format Version 12.00
# Visual Studio 15
VisualStudioVersion = 15.0.27130.2036
MinimumVisualStudioVersion = 10.0.40219.1
Project("{F184B08F-C81C-45F6-A57F-5ABD9991F28F}") = "MW-VB-RefundReader", "MW-VB-RefundReader\MW-VB-RefundReader.vbproj", "{A246088F-E3EB-4F91-8C60-BFDD6D798A91}"
EndProject
Global
	GlobalSection(SolutionConfigurationPlatforms) = preSolution
		Debug|Any CPU = Debug|Any CPU
		Release|Any CPU = Release|Any CPU
	EndGlobalSection
	GlobalSection(ProjectConfigurationPlatforms) = postSolution
		{A246088F-E3EB-4F91-8C60-BFDD6D798A91}.Debug|Any CPU.ActiveCfg = Debug|Any CPU
		{A246088F-E3EB-4F91-8C60-BFDD6D798A91}.Debug|Any CPU.Build.0 = Debug|Any CPU
		{A246088F-E3EB-4F91-8C60-BFDD6D798A91}.Release|Any CPU.ActiveCfg = Release|Any CPU
		{A246088F-E3EB-4F91-8C60-BFDD6D798A91}.Release|Any CPU.Build.0 = Release|Any CPU
	EndGlobalSection
	GlobalSection(SolutionProperties) = preSolution
		HideSolutionNode = FALSE
	EndGlobalSection
	GlobalSection(ExtensibilityGlobals) = postSolution
		SolutionGuid = {CB12F583-861A-4864-ACDC-078A5578E606}
	EndGlobalSection
EndGlobal
