
Microsoft Visual Studio Solution File, Format Version 12.00
# Visual Studio 15
VisualStudioVersion = 15.0.27004.2005
MinimumVisualStudioVersion = 10.0.40219.1
Project("{FAE04EC0-301F-11D3-BF4B-00C04F79EFBC}") = "GeniusThreadedSample", "GeniusThreadedSample\GeniusThreadedSample.csproj", "{7B87908A-5551-4217-8E58-11EFA4F1E5A3}"
EndProject
Global
	GlobalSection(SolutionConfigurationPlatforms) = preSolution
		Debug|Any CPU = Debug|Any CPU
		Release|Any CPU = Release|Any CPU
	EndGlobalSection
	GlobalSection(ProjectConfigurationPlatforms) = postSolution
		{7B87908A-5551-4217-8E58-11EFA4F1E5A3}.Debug|Any CPU.ActiveCfg = Debug|Any CPU
		{7B87908A-5551-4217-8E58-11EFA4F1E5A3}.Debug|Any CPU.Build.0 = Debug|Any CPU
		{7B87908A-5551-4217-8E58-11EFA4F1E5A3}.Release|Any CPU.ActiveCfg = Release|Any CPU
		{7B87908A-5551-4217-8E58-11EFA4F1E5A3}.Release|Any CPU.Build.0 = Release|Any CPU
	EndGlobalSection
	GlobalSection(SolutionProperties) = preSolution
		HideSolutionNode = FALSE
	EndGlobalSection
	GlobalSection(ExtensibilityGlobals) = postSolution
		SolutionGuid = {CE7BEBDC-49F7-460B-9E93-4358BBD0A326}
	EndGlobalSection
EndGlobal
